
Microsoft Visual Studio Solution File, Format Version 12.00
# Visual Studio Version 17
VisualStudioVersion = 17.8.34330.188
MinimumVisualStudioVersion = 10.0.40219.1
Project("{FAE04EC0-301F-11D3-BF4B-00C04F79EFBC}") = "Utils.DOM", "Utils.DOM\Utils.DOM.csproj", "{8A3E61A8-6D79-40F1-9472-95684E76376C}"
EndProject
Project("{FAE04EC0-301F-11D3-BF4B-00C04F79EFBC}") = "Utils.Dom.Tests", "Utils.Dom.Tests\Utils.Dom.Tests.csproj", "{AA26AA8D-480F-41D1-A8DE-FAF9CB0DFB04}"
EndProject
Global
	GlobalSection(SolutionConfigurationPlatforms) = preSolution
		Debug|Any CPU = Debug|Any CPU
		Release|Any CPU = Release|Any CPU
	EndGlobalSection
	GlobalSection(ProjectConfigurationPlatforms) = postSolution
		{8A3E61A8-6D79-40F1-9472-95684E76376C}.Debug|Any CPU.ActiveCfg = Debug|Any CPU
		{8A3E61A8-6D79-40F1-9472-95684E76376C}.Debug|Any CPU.Build.0 = Debug|Any CPU
		{8A3E61A8-6D79-40F1-9472-95684E76376C}.Release|Any CPU.ActiveCfg = Release|Any CPU
		{8A3E61A8-6D79-40F1-9472-95684E76376C}.Release|Any CPU.Build.0 = Release|Any CPU
		{AA26AA8D-480F-41D1-A8DE-FAF9CB0DFB04}.Debug|Any CPU.ActiveCfg = Debug|Any CPU
		{AA26AA8D-480F-41D1-A8DE-FAF9CB0DFB04}.Debug|Any CPU.Build.0 = Debug|Any CPU
		{AA26AA8D-480F-41D1-A8DE-FAF9CB0DFB04}.Release|Any CPU.ActiveCfg = Release|Any CPU
		{AA26AA8D-480F-41D1-A8DE-FAF9CB0DFB04}.Release|Any CPU.Build.0 = Release|Any CPU
	EndGlobalSection
	GlobalSection(SolutionProperties) = preSolution
		HideSolutionNode = FALSE
	EndGlobalSection
	GlobalSection(ExtensibilityGlobals) = postSolution
		SolutionGuid = {5076017F-61F2-4359-A10F-AA87E8E0E1ED}
	EndGlobalSection
EndGlobal
